
Microsoft Visual Studio Solution File, Format Version 12.00
# Visual Studio Version 17
VisualStudioVersion = 17.3.32922.545
MinimumVisualStudioVersion = 10.0.40219.1
Project("{FAE04EC0-301F-11D3-BF4B-00C04F79EFBC}") = "Muresan_Alexandru-Vasile_LAB1", "Muresan_Alexandru-Vasile_LAB1.csproj", "{8F7B66ED-4A9E-41EF-83E4-AE9E911B9F47}"
EndProject
Global
	GlobalSection(SolutionConfigurationPlatforms) = preSolution
		Debug|Any CPU = Debug|Any CPU
		Release|Any CPU = Release|Any CPU
	EndGlobalSection
	GlobalSection(ProjectConfigurationPlatforms) = postSolution
		{8F7B66ED-4A9E-41EF-83E4-AE9E911B9F47}.Debug|Any CPU.ActiveCfg = Debug|Any CPU
		{8F7B66ED-4A9E-41EF-83E4-AE9E911B9F47}.Debug|Any CPU.Build.0 = Debug|Any CPU
		{8F7B66ED-4A9E-41EF-83E4-AE9E911B9F47}.Release|Any CPU.ActiveCfg = Release|Any CPU
		{8F7B66ED-4A9E-41EF-83E4-AE9E911B9F47}.Release|Any CPU.Build.0 = Release|Any CPU
	EndGlobalSection
	GlobalSection(SolutionProperties) = preSolution
		HideSolutionNode = FALSE
	EndGlobalSection
	GlobalSection(ExtensibilityGlobals) = postSolution
		SolutionGuid = {458ACF37-00C7-4889-A591-CBB74F0E91DF}
	EndGlobalSection
EndGlobal
